
Microsoft Visual Studio Solution File, Format Version 12.00
# Visual Studio Version 17
VisualStudioVersion = 17.8.34511.84
MinimumVisualStudioVersion = 10.0.40219.1
Project("{FAE04EC0-301F-11D3-BF4B-00C04F79EFBC}") = "Mock_Project", "Mock_Project\Mock_Project.csproj", "{86A79330-4A53-4459-BFE5-7A8A8AB45B42}"
EndProject
Global
	GlobalSection(SolutionConfigurationPlatforms) = preSolution
		Debug|Any CPU = Debug|Any CPU
		Release|Any CPU = Release|Any CPU
	EndGlobalSection
	GlobalSection(ProjectConfigurationPlatforms) = postSolution
		{86A79330-4A53-4459-BFE5-7A8A8AB45B42}.Debug|Any CPU.ActiveCfg = Debug|Any CPU
		{86A79330-4A53-4459-BFE5-7A8A8AB45B42}.Debug|Any CPU.Build.0 = Debug|Any CPU
		{86A79330-4A53-4459-BFE5-7A8A8AB45B42}.Release|Any CPU.ActiveCfg = Release|Any CPU
		{86A79330-4A53-4459-BFE5-7A8A8AB45B42}.Release|Any CPU.Build.0 = Release|Any CPU
	EndGlobalSection
	GlobalSection(SolutionProperties) = preSolution
		HideSolutionNode = FALSE
	EndGlobalSection
	GlobalSection(ExtensibilityGlobals) = postSolution
		SolutionGuid = {4324ECEB-0922-4671-8E3B-99AB62305EF8}
	EndGlobalSection
EndGlobal
